PODS:
  - GoogleMaps (3.3.0):
    - GoogleMaps/Maps (= 3.3.0)
  - GoogleMaps/Base (3.3.0)
  - GoogleMaps/Maps (3.3.0):
    - GoogleMaps/Base

DEPENDENCIES:
  - GoogleMaps

SPEC REPOS:
  https://github.com/cocoapods/specs.git:
    - GoogleMaps

SPEC CHECKSUMS:
  GoogleMaps: cfee83da305b9aaeccf92c24ac79df11c3003492

PODFILE CHECKSUM: f1c4a080d8d7437a383f505fcf541b85822ce12f

COCOAPODS: 1.7.1
